
Microsoft Visual Studio Solution File, Format Version 12.00
Project("{FAE04EC0-301F-11D3-BF4B-00C04F79EFBC}") = "un jeu", "un jeu\un jeu.csproj", "{64E4C316-EC55-4C7D-9A3A-BBA55DCCCF83}"
EndProject
Global
	GlobalSection(SolutionConfigurationPlatforms) = preSolution
		Debug|Any CPU = Debug|Any CPU
		Release|Any CPU = Release|Any CPU
	EndGlobalSection
	GlobalSection(ProjectConfigurationPlatforms) = postSolution
		{64E4C316-EC55-4C7D-9A3A-BBA55DCCCF83}.Debug|Any CPU.ActiveCfg = Debug|Any CPU
		{64E4C316-EC55-4C7D-9A3A-BBA55DCCCF83}.Debug|Any CPU.Build.0 = Debug|Any CPU
		{64E4C316-EC55-4C7D-9A3A-BBA55DCCCF83}.Release|Any CPU.ActiveCfg = Release|Any CPU
		{64E4C316-EC55-4C7D-9A3A-BBA55DCCCF83}.Release|Any CPU.Build.0 = Release|Any CPU
	EndGlobalSection
EndGlobal
